
Microsoft Visual Studio Solution File, Format Version 12.00
# Visual Studio Version 16
VisualStudioVersion = 16.0.29905.134
MinimumVisualStudioVersion = 10.0.40219.1
Project("{FAE04EC0-301F-11D3-BF4B-00C04F79EFBC}") = "MoodAnalyser", "MoodAnalyser.csproj", "{5CC65201-7368-457B-B6DF-70AF96AE5698}"
EndProject
Project("{FAE04EC0-301F-11D3-BF4B-00C04F79EFBC}") = "MSTestForMoodAnalyser", "..\MSTestForMoodAnalyser\MSTestForMoodAnalyser.csproj", "{6BE75B39-138F-411A-9782-CF9956CDCB78}"
EndProject
Global
	GlobalSection(SolutionConfigurationPlatforms) = preSolution
		Debug|Any CPU = Debug|Any CPU
		Release|Any CPU = Release|Any CPU
	EndGlobalSection
	GlobalSection(ProjectConfigurationPlatforms) = postSolution
		{5CC65201-7368-457B-B6DF-70AF96AE5698}.Debug|Any CPU.ActiveCfg = Debug|Any CPU
		{5CC65201-7368-457B-B6DF-70AF96AE5698}.Debug|Any CPU.Build.0 = Debug|Any CPU
		{5CC65201-7368-457B-B6DF-70AF96AE5698}.Release|Any CPU.ActiveCfg = Release|Any CPU
		{5CC65201-7368-457B-B6DF-70AF96AE5698}.Release|Any CPU.Build.0 = Release|Any CPU
		{6BE75B39-138F-411A-9782-CF9956CDCB78}.Debug|Any CPU.ActiveCfg = Debug|Any CPU
		{6BE75B39-138F-411A-9782-CF9956CDCB78}.Debug|Any CPU.Build.0 = Debug|Any CPU
		{6BE75B39-138F-411A-9782-CF9956CDCB78}.Release|Any CPU.ActiveCfg = Release|Any CPU
		{6BE75B39-138F-411A-9782-CF9956CDCB78}.Release|Any CPU.Build.0 = Release|Any CPU
	EndGlobalSection
	GlobalSection(SolutionProperties) = preSolution
		HideSolutionNode = FALSE
	EndGlobalSection
	GlobalSection(ExtensibilityGlobals) = postSolution
		SolutionGuid = {BBE7C098-1D48-4605-8BBF-9948C4860092}
	EndGlobalSection
EndGlobal
