
Microsoft Visual Studio Solution File, Format Version 12.00
# Visual Studio Version 16
VisualStudioVersion = 16.0.29905.134
MinimumVisualStudioVersion = 10.0.40219.1
Project("{9A19103F-16F7-4668-BE54-9A1E7A4F7556}") = "MoodAnalyser", "MoodAnalyser.csproj", "{5CC65201-7368-457B-B6DF-70AF96AE5698}"
EndProject
Project("{9A19103F-16F7-4668-BE54-9A1E7A4F7556}") = "MSTestForMoodAnalyser", "MSTestForMoodAnalyser\MSTestForMoodAnalyser.csproj", "{B01108A1-5DE2-40A7-A2F6-0BEEEC00B65A}"
EndProject
Global
	GlobalSection(SolutionConfigurationPlatforms) = preSolution
		Debug|Any CPU = Debug|Any CPU
		Release|Any CPU = Release|Any CPU
	EndGlobalSection
	GlobalSection(ProjectConfigurationPlatforms) = postSolution
		{5CC65201-7368-457B-B6DF-70AF96AE5698}.Debug|Any CPU.ActiveCfg = Debug|Any CPU
		{5CC65201-7368-457B-B6DF-70AF96AE5698}.Debug|Any CPU.Build.0 = Debug|Any CPU
		{5CC65201-7368-457B-B6DF-70AF96AE5698}.Release|Any CPU.ActiveCfg = Release|Any CPU
		{5CC65201-7368-457B-B6DF-70AF96AE5698}.Release|Any CPU.Build.0 = Release|Any CPU
		{B01108A1-5DE2-40A7-A2F6-0BEEEC00B65A}.Debug|Any CPU.ActiveCfg = Debug|Any CPU
		{B01108A1-5DE2-40A7-A2F6-0BEEEC00B65A}.Debug|Any CPU.Build.0 = Debug|Any CPU
		{B01108A1-5DE2-40A7-A2F6-0BEEEC00B65A}.Release|Any CPU.ActiveCfg = Release|Any CPU
		{B01108A1-5DE2-40A7-A2F6-0BEEEC00B65A}.Release|Any CPU.Build.0 = Release|Any CPU
	EndGlobalSection
	GlobalSection(SolutionProperties) = preSolution
		HideSolutionNode = FALSE
	EndGlobalSection
	GlobalSection(ExtensibilityGlobals) = postSolution
		SolutionGuid = {BBE7C098-1D48-4605-8BBF-9948C4860092}
	EndGlobalSection
EndGlobal
